
Microsoft Visual Studio Solution File, Format Version 12.00
# Visual Studio Version 17
VisualStudioVersion = 17.9.34622.214
MinimumVisualStudioVersion = 10.0.40219.1
Project("{FAE04EC0-301F-11D3-BF4B-00C04F79EFBC}") = "EjericicioPractica3", "EjericicioPractica3.csproj", "{EEA6BC40-ED60-420A-BFF8-B46267819ABC}"
EndProject
Global
	GlobalSection(SolutionConfigurationPlatforms) = preSolution
		Debug|Any CPU = Debug|Any CPU
		Release|Any CPU = Release|Any CPU
	EndGlobalSection
	GlobalSection(ProjectConfigurationPlatforms) = postSolution
		{EEA6BC40-ED60-420A-BFF8-B46267819ABC}.Debug|Any CPU.ActiveCfg = Debug|Any CPU
		{EEA6BC40-ED60-420A-BFF8-B46267819ABC}.Debug|Any CPU.Build.0 = Debug|Any CPU
		{EEA6BC40-ED60-420A-BFF8-B46267819ABC}.Release|Any CPU.ActiveCfg = Release|Any CPU
		{EEA6BC40-ED60-420A-BFF8-B46267819ABC}.Release|Any CPU.Build.0 = Release|Any CPU
	EndGlobalSection
	GlobalSection(SolutionProperties) = preSolution
		HideSolutionNode = FALSE
	EndGlobalSection
	GlobalSection(ExtensibilityGlobals) = postSolution
		SolutionGuid = {634ECD46-2F61-422D-B58F-984E03DB2A4F}
	EndGlobalSection
EndGlobal
