
Microsoft Visual Studio Solution File, Format Version 12.00
# Visual Studio Version 17
VisualStudioVersion = 17.9.34622.214
MinimumVisualStudioVersion = 10.0.40219.1
Project("{FAE04EC0-301F-11D3-BF4B-00C04F79EFBC}") = "Ejercicio10", "Ejercicio10.csproj", "{701CCEAC-A808-40A5-9B6E-4A1CB69999FE}"
EndProject
Global
	GlobalSection(SolutionConfigurationPlatforms) = preSolution
		Debug|Any CPU = Debug|Any CPU
		Release|Any CPU = Release|Any CPU
	EndGlobalSection
	GlobalSection(ProjectConfigurationPlatforms) = postSolution
		{701CCEAC-A808-40A5-9B6E-4A1CB69999FE}.Debug|Any CPU.ActiveCfg = Debug|Any CPU
		{701CCEAC-A808-40A5-9B6E-4A1CB69999FE}.Debug|Any CPU.Build.0 = Debug|Any CPU
		{701CCEAC-A808-40A5-9B6E-4A1CB69999FE}.Release|Any CPU.ActiveCfg = Release|Any CPU
		{701CCEAC-A808-40A5-9B6E-4A1CB69999FE}.Release|Any CPU.Build.0 = Release|Any CPU
	EndGlobalSection
	GlobalSection(SolutionProperties) = preSolution
		HideSolutionNode = FALSE
	EndGlobalSection
	GlobalSection(ExtensibilityGlobals) = postSolution
		SolutionGuid = {AB0FBACD-C81A-4A88-ABC4-2B842D408F1F}
	EndGlobalSection
EndGlobal
